#MicroXplorer Configuration settings - do not modify
Mcu.Family=STM32F4
RCC.PLLSourceVirtual=RCC_PLLSOURCE_HSE
ProjectManager.MainLocation=Core/Src
ProjectManager.ProjectFileName=read_voltage_and_current.ioc
PH0-OSC_IN.Signal=RCC_OSC_IN
Dma.ADC1.0.Instance=DMA2_Stream0
RCC.CortexFreq_Value=16000000
FREERTOS.Tasks01=thread0,0,128,thread0_func,Default,NULL,Dynamic,NULL,NULL;thread1,0,128,thread1_func,Default,NULL,Dynamic,NULL,NULL;theard3,0,128,theard3_func,Default,NULL,Dynamic,NULL,NULL
ADC1.Rank-0\#ChannelRegularConversion=1
ProjectManager.KeepUserCode=true
Mcu.UserName=STM32F407VGTx
Mcu.PinsNb=10
PB10.Mode=Asynchronous
ADC1.ContinuousConvMode=ENABLE
ProjectManager.NoMain=false
ADC1.IPParameters=Rank-0\#ChannelRegularConversion,master,Channel-0\#ChannelRegularConversion,SamplingTime-0\#ChannelRegularConversion,NbrOfConversionFlag,ContinuousConvMode,ClockPrescaler,Rank-1\#ChannelRegularConversion,Channel-1\#ChannelRegularConversion,SamplingTime-1\#ChannelRegularConversion,NbrOfConversion,DMAContinuousRequests
SH.ADCx_IN2.0=ADC1_IN2,IN2
NVIC.SavedSvcallIrqHandlerGenerated=true
RCC.PLLCLKFreq_Value=168000000
RCC.PLLQCLKFreq_Value=48000000
ProjectManager.functionlistsort=1-MX_GPIO_Init-GPIO-false-HAL-true,2-MX_DMA_Init-DMA-false-HAL-true,3-SystemClock_Config-RCC-false-HAL-false,4-MX_ADC1_Init-ADC1-false-HAL-true,5-MX_USART1_UART_Init-USART1-false-HAL-true
RCC.RTCFreq_Value=32000
ProjectManager.DefaultFWLocation=true
ProjectManager.DeletePrevious=true
PB11.Signal=USART3_RX
boardIOC=true
PinOutPanel.RotationAngle=0
RCC.FamilyName=M
ProjectManager.StackSize=0x400
PA13.Signal=SYS_JTMS-SWDIO
Mcu.IP4=RCC
RCC.FCLKCortexFreq_Value=16000000
Mcu.IP5=SYS
VP_FREERTOS_VS_CMSIS_V1.Signal=FREERTOS_VS_CMSIS_V1
Mcu.IP2=FREERTOS
NVIC.SVCall_IRQn=true\:0\:0\:false\:false\:false\:false\:true\:false
Mcu.IP3=NVIC
Mcu.IP0=ADC1
Dma.ADC1.0.PeriphDataAlignment=DMA_PDATAALIGN_WORD
Mcu.IP1=DMA
VP_SYS_VS_tim3.Mode=TIM3
Mcu.UserConstants=
PB11.Mode=Asynchronous
ProjectManager.TargetToolchain=STM32CubeIDE
Dma.ADC1.0.Mode=DMA_CIRCULAR
Mcu.ThirdPartyNb=0
RCC.HCLKFreq_Value=16000000
Mcu.IPNb=7
RCC.I2SClocksFreq_Value=96000000
ProjectManager.PreviousToolchain=STM32CubeIDE
Dma.ADC1.0.Priority=DMA_PRIORITY_LOW
RCC.APB2TimFreq_Value=16000000
ADC1.Channel-1\#ChannelRegularConversion=ADC_CHANNEL_2
Dma.ADC1.0.Direction=DMA_PERIPH_TO_MEMORY
RCC.VcooutputI2S=96000000
Mcu.Pin6=PA13
Mcu.Pin7=PA14
NVIC.DMA2_Stream0_IRQn=true\:0\:0\:false\:false\:true\:true\:false\:true
ProjectManager.RegisterCallBack=
Mcu.Pin8=VP_FREERTOS_VS_CMSIS_V1
Mcu.Pin9=VP_SYS_VS_tim3
FREERTOS.IPParameters=Tasks01,FootprintOK,Mutexes01
Dma.ADC1.0.MemDataAlignment=DMA_MDATAALIGN_WORD
PA1.Signal=ADCx_IN1
RCC.AHBFreq_Value=16000000
PH0-OSC_IN.Mode=HSE-External-Oscillator
Mcu.Pin0=PH0-OSC_IN
Mcu.Pin1=PH1-OSC_OUT
PB10.Signal=USART3_TX
Mcu.Pin2=PA1
Mcu.Pin3=PA2
Mcu.Pin4=PB10
RCC.VCOI2SOutputFreq_Value=192000000
Mcu.Pin5=PB11
ADC1.Channel-0\#ChannelRegularConversion=ADC_CHANNEL_1
ProjectManager.ProjectBuild=false
RCC.HSE_VALUE=8000000
NVIC.UsageFault_IRQn=true\:0\:0\:false\:false\:true\:false\:true\:false
NVIC.DebugMonitor_IRQn=true\:0\:0\:false\:false\:true\:false\:true\:false
board=STM32F407G-DISC1
RCC.VCOOutputFreq_Value=336000000
NVIC.SysTick_IRQn=true\:0\:0\:false\:false\:false\:false\:true\:false
ProjectManager.LastFirmware=true
NVIC.TIM3_IRQn=true\:0\:0\:false\:false\:true\:false\:false\:true
Dma.ADC1.0.RequestParameters=Instance,Direction,PeriphInc,MemInc,PeriphDataAlignment,MemDataAlignment,Mode,Priority,FIFOMode
ProjectManager.FirmwarePackage=STM32Cube FW_F4 V1.25.2
MxDb.Version=DB.6.0.0
NVIC.SavedSystickIrqHandlerGenerated=true
RCC.APB2Freq_Value=16000000
ProjectManager.BackupPrevious=false
MxCube.Version=6.0.1
RCC.VCOInputFreq_Value=1000000
VP_SYS_VS_tim3.Signal=SYS_VS_tim3
PA14.Mode=Serial_Wire
SH.ADCx_IN1.ConfNb=1
SH.ADCx_IN2.ConfNb=1
Dma.ADC1.0.PeriphInc=DMA_PINC_DISABLE
File.Version=6
RCC.EthernetFreq_Value=16000000
PH1-OSC_OUT.Signal=RCC_OSC_OUT
NVIC.NonMaskableInt_IRQn=true\:0\:0\:false\:false\:true\:false\:true\:false
NVIC.PendSV_IRQn=true\:0\:0\:false\:false\:false\:false\:true\:false
ADC1.DMAContinuousRequests=ENABLE
VP_FREERTOS_VS_CMSIS_V1.Mode=CMSIS_V1
ADC1.NbrOfConversion=2
PA13.Mode=Serial_Wire
ProjectManager.FreePins=false
RCC.IPParameters=48MHZClocksFreq_Value,AHBFreq_Value,APB1Freq_Value,APB1TimFreq_Value,APB2Freq_Value,APB2TimFreq_Value,CortexFreq_Value,EthernetFreq_Value,FCLKCortexFreq_Value,FamilyName,HCLKFreq_Value,HSE_VALUE,HSI_VALUE,I2SClocksFreq_Value,LSI_VALUE,MCO2PinFreq_Value,PLLCLKFreq_Value,PLLM,PLLN,PLLQ,PLLQCLKFreq_Value,PLLSourceVirtual,RTCFreq_Value,RTCHSEDivFreq_Value,SYSCLKFreq_VALUE,VCOI2SOutputFreq_Value,VCOInputFreq_Value,VCOOutputFreq_Value,VcooutputI2S
ProjectManager.AskForMigrate=true
Mcu.Name=STM32F407V(E-G)Tx
Dma.RequestsNb=1
ProjectManager.HalAssertFull=false
ADC1.SamplingTime-0\#ChannelRegularConversion=ADC_SAMPLETIME_480CYCLES
NVIC.SavedPendsvIrqHandlerGenerated=true
RCC.RTCHSEDivFreq_Value=4000000
PA2.Signal=ADCx_IN2
ProjectManager.ProjectName=read_voltage_and_current
ProjectManager.UnderRoot=true
Mcu.IP6=USART3
ProjectManager.CoupleFile=false
PH1-OSC_OUT.Mode=HSE-External-Oscillator
RCC.48MHZClocksFreq_Value=48000000
RCC.MCO2PinFreq_Value=16000000
ADC1.SamplingTime-1\#ChannelRegularConversion=ADC_SAMPLETIME_480CYCLES
RCC.SYSCLKFreq_VALUE=16000000
Mcu.Package=LQFP100
ADC1.master=1
NVIC.TimeBase=TIM3_IRQn
NVIC.ForceEnableDMAVector=true
KeepUserPlacement=false
USART3.VirtualMode=VM_ASYNC
NVIC.MemoryManagement_IRQn=true\:0\:0\:false\:false\:true\:false\:true\:false
ProjectManager.CompilerOptimize=6
ADC1.Rank-1\#ChannelRegularConversion=2
ProjectManager.ToolChainLocation=
RCC.LSI_VALUE=32000
NVIC.TimeBaseIP=TIM3
USART3.IPParameters=VirtualMode
PA14.Signal=SYS_JTCK-SWCLK
Dma.ADC1.0.MemInc=DMA_MINC_ENABLE
FREERTOS.FootprintOK=true
ProjectManager.HeapSize=0x200
NVIC.HardFault_IRQn=true\:0\:0\:false\:false\:true\:false\:true\:false
ProjectManager.ComputerToolchain=false
RCC.HSI_VALUE=16000000
FREERTOS.Mutexes01=uart_mutex,Dynamic,NULL
RCC.PLLQ=7
NVIC.PriorityGroup=NVIC_PRIORITYGROUP_4
ADC1.NbrOfConversionFlag=1
SH.ADCx_IN1.0=ADC1_IN1,IN1
RCC.PLLM=8
RCC.PLLN=336
RCC.APB1TimFreq_Value=16000000
NVIC.BusFault_IRQn=true\:0\:0\:false\:false\:true\:false\:true\:false
Dma.ADC1.0.FIFOMode=DMA_FIFOMODE_DISABLE
Dma.Request0=ADC1
RCC.APB1Freq_Value=16000000
ADC1.ClockPrescaler=ADC_CLOCK_SYNC_PCLK_DIV8
ProjectManager.CustomerFirmwarePackage=
ProjectManager.DeviceId=STM32F407VGTx
ProjectManager.LibraryCopy=1
